
Microsoft Visual Studio Solution File, Format Version 12.00
# Visual Studio Version 17
VisualStudioVersion = 17.11.35222.181
MinimumVisualStudioVersion = 10.0.40219.1
Project("{8BC9CEB8-8B4A-11D0-8D11-00A0C91BC942}") = "PR-11.1-C", "PR-11.1-C\PR-11.1-C.vcxproj", "{5FC713AD-0F5D-43B5-B4C0-E9E1A9BE3864}"
EndProject
Project("{8BC9CEB8-8B4A-11D0-8D11-00A0C91BC942}") = "UnitTest1", "UnitTest1\UnitTest1.vcxproj", "{9E2363CC-F950-4248-8EB2-1315D3CF7422}"
EndProject
Global
	GlobalSection(SolutionConfigurationPlatforms) = preSolution
		Debug|x64 = Debug|x64
		Debug|x86 = Debug|x86
		Release|x64 = Release|x64
		Release|x86 = Release|x86
	EndGlobalSection
	GlobalSection(ProjectConfigurationPlatforms) = postSolution
		{5FC713AD-0F5D-43B5-B4C0-E9E1A9BE3864}.Debug|x64.ActiveCfg = Debug|x64
		{5FC713AD-0F5D-43B5-B4C0-E9E1A9BE3864}.Debug|x64.Build.0 = Debug|x64
		{5FC713AD-0F5D-43B5-B4C0-E9E1A9BE3864}.Debug|x86.ActiveCfg = Debug|Win32
		{5FC713AD-0F5D-43B5-B4C0-E9E1A9BE3864}.Debug|x86.Build.0 = Debug|Win32
		{5FC713AD-0F5D-43B5-B4C0-E9E1A9BE3864}.Release|x64.ActiveCfg = Release|x64
		{5FC713AD-0F5D-43B5-B4C0-E9E1A9BE3864}.Release|x64.Build.0 = Release|x64
		{5FC713AD-0F5D-43B5-B4C0-E9E1A9BE3864}.Release|x86.ActiveCfg = Release|Win32
		{5FC713AD-0F5D-43B5-B4C0-E9E1A9BE3864}.Release|x86.Build.0 = Release|Win32
		{9E2363CC-F950-4248-8EB2-1315D3CF7422}.Debug|x64.ActiveCfg = Debug|x64
		{9E2363CC-F950-4248-8EB2-1315D3CF7422}.Debug|x64.Build.0 = Debug|x64
		{9E2363CC-F950-4248-8EB2-1315D3CF7422}.Debug|x86.ActiveCfg = Debug|Win32
		{9E2363CC-F950-4248-8EB2-1315D3CF7422}.Debug|x86.Build.0 = Debug|Win32
		{9E2363CC-F950-4248-8EB2-1315D3CF7422}.Release|x64.ActiveCfg = Release|x64
		{9E2363CC-F950-4248-8EB2-1315D3CF7422}.Release|x64.Build.0 = Release|x64
		{9E2363CC-F950-4248-8EB2-1315D3CF7422}.Release|x86.ActiveCfg = Release|Win32
		{9E2363CC-F950-4248-8EB2-1315D3CF7422}.Release|x86.Build.0 = Release|Win32
	EndGlobalSection
	GlobalSection(SolutionProperties) = preSolution
		HideSolutionNode = FALSE
	EndGlobalSection
	GlobalSection(ExtensibilityGlobals) = postSolution
		SolutionGuid = {A9111BE2-4817-4231-86B9-235D10C82FD8}
	EndGlobalSection
EndGlobal
